
Microsoft Visual Studio Solution File, Format Version 12.00
# Visual Studio Version 17
VisualStudioVersion = 17.5.002.0
MinimumVisualStudioVersion = 10.0.40219.1
Project("{9A19103F-16F7-4668-BE54-9A1E7A4F7556}") = "FileDownloaderX", "FileDownloaderX.csproj", "{A3EA7F16-D804-446D-881C-D8149DD7DB8A}"
EndProject
Global
	GlobalSection(SolutionConfigurationPlatforms) = preSolution
		Debug|Any CPU = Debug|Any CPU
		Release|Any CPU = Release|Any CPU
	EndGlobalSection
	GlobalSection(ProjectConfigurationPlatforms) = postSolution
		{A3EA7F16-D804-446D-881C-D8149DD7DB8A}.Debug|Any CPU.ActiveCfg = Debug|Any CPU
		{A3EA7F16-D804-446D-881C-D8149DD7DB8A}.Debug|Any CPU.Build.0 = Debug|Any CPU
		{A3EA7F16-D804-446D-881C-D8149DD7DB8A}.Release|Any CPU.ActiveCfg = Release|Any CPU
		{A3EA7F16-D804-446D-881C-D8149DD7DB8A}.Release|Any CPU.Build.0 = Release|Any CPU
	EndGlobalSection
	GlobalSection(SolutionProperties) = preSolution
		HideSolutionNode = FALSE
	EndGlobalSection
	GlobalSection(ExtensibilityGlobals) = postSolution
		SolutionGuid = {6FDF0D6F-6067-41CB-8B63-87BA6B56B794}
	EndGlobalSection
EndGlobal
